
Microsoft Visual Studio Solution File, Format Version 12.00
# Visual Studio Version 17
VisualStudioVersion = 17.4.33213.308
MinimumVisualStudioVersion = 10.0.40219.1
Project("{9A19103F-16F7-4668-BE54-9A1E7A4F7556}") = "ExamApp", "queries\ExamApp.csproj", "{C51E05D8-6229-46E5-BBF4-7AC1540AAF7E}"
EndProject
Project("{9A19103F-16F7-4668-BE54-9A1E7A4F7556}") = "model", "model\model.csproj", "{2CD3EB00-7E9B-47C2-B987-D3317FE8BB93}"
EndProject
Global
	GlobalSection(SolutionConfigurationPlatforms) = preSolution
		Debug|Any CPU = Debug|Any CPU
		Release|Any CPU = Release|Any CPU
	EndGlobalSection
	GlobalSection(ProjectConfigurationPlatforms) = postSolution
		{C51E05D8-6229-46E5-BBF4-7AC1540AAF7E}.Debug|Any CPU.ActiveCfg = Debug|Any CPU
		{C51E05D8-6229-46E5-BBF4-7AC1540AAF7E}.Debug|Any CPU.Build.0 = Debug|Any CPU
		{C51E05D8-6229-46E5-BBF4-7AC1540AAF7E}.Release|Any CPU.ActiveCfg = Release|Any CPU
		{C51E05D8-6229-46E5-BBF4-7AC1540AAF7E}.Release|Any CPU.Build.0 = Release|Any CPU
		{2CD3EB00-7E9B-47C2-B987-D3317FE8BB93}.Debug|Any CPU.ActiveCfg = Debug|Any CPU
		{2CD3EB00-7E9B-47C2-B987-D3317FE8BB93}.Debug|Any CPU.Build.0 = Debug|Any CPU
		{2CD3EB00-7E9B-47C2-B987-D3317FE8BB93}.Release|Any CPU.ActiveCfg = Release|Any CPU
		{2CD3EB00-7E9B-47C2-B987-D3317FE8BB93}.Release|Any CPU.Build.0 = Release|Any CPU
	EndGlobalSection
	GlobalSection(SolutionProperties) = preSolution
		HideSolutionNode = FALSE
	EndGlobalSection
	GlobalSection(ExtensibilityGlobals) = postSolution
		SolutionGuid = {E120AB14-28A6-4971-8396-9526B2BFF849}
	EndGlobalSection
EndGlobal
