
Microsoft Visual Studio Solution File, Format Version 12.00
# Visual Studio Version 16
VisualStudioVersion = 16.0.30907.101
MinimumVisualStudioVersion = 10.0.40219.1
Project("{9A19103F-16F7-4668-BE54-9A1E7A4F7556}") = "observer", "observer\observer.csproj", "{CE007B25-7C0A-436E-9329-102FF72425E6}"
EndProject
Project("{9A19103F-16F7-4668-BE54-9A1E7A4F7556}") = "lambda", "lambda\lambda.csproj", "{6B68AE53-7A83-4CFD-AF12-33EE95525AF5}"
EndProject
Project("{9A19103F-16F7-4668-BE54-9A1E7A4F7556}") = "anonymous.methods", "anonymous.methods\anonymous.methods.csproj", "{3FC46CB9-3DB8-4BDF-BDA1-2D66EEB0DDF4}"
EndProject
Project("{9A19103F-16F7-4668-BE54-9A1E7A4F7556}") = "delegates", "delegates\delegates.csproj", "{A54E7606-5236-48BB-941F-B71900087746}"
EndProject
Project("{9A19103F-16F7-4668-BE54-9A1E7A4F7556}") = "predefined", "predefined\predefined.csproj", "{F46624DD-D569-4013-9986-3DF2977CDB99}"
EndProject
Global
	GlobalSection(SolutionConfigurationPlatforms) = preSolution
		Debug|x86 = Debug|x86
		Release|x86 = Release|x86
	EndGlobalSection
	GlobalSection(ProjectConfigurationPlatforms) = postSolution
		{CE007B25-7C0A-436E-9329-102FF72425E6}.Debug|x86.ActiveCfg = Debug|x86
		{CE007B25-7C0A-436E-9329-102FF72425E6}.Debug|x86.Build.0 = Debug|x86
		{CE007B25-7C0A-436E-9329-102FF72425E6}.Release|x86.ActiveCfg = Release|Any CPU
		{CE007B25-7C0A-436E-9329-102FF72425E6}.Release|x86.Build.0 = Release|Any CPU
		{6B68AE53-7A83-4CFD-AF12-33EE95525AF5}.Debug|x86.ActiveCfg = Debug|x86
		{6B68AE53-7A83-4CFD-AF12-33EE95525AF5}.Debug|x86.Build.0 = Debug|x86
		{6B68AE53-7A83-4CFD-AF12-33EE95525AF5}.Release|x86.ActiveCfg = Release|Any CPU
		{6B68AE53-7A83-4CFD-AF12-33EE95525AF5}.Release|x86.Build.0 = Release|Any CPU
		{3FC46CB9-3DB8-4BDF-BDA1-2D66EEB0DDF4}.Debug|x86.ActiveCfg = Debug|x86
		{3FC46CB9-3DB8-4BDF-BDA1-2D66EEB0DDF4}.Debug|x86.Build.0 = Debug|x86
		{3FC46CB9-3DB8-4BDF-BDA1-2D66EEB0DDF4}.Release|x86.ActiveCfg = Release|Any CPU
		{3FC46CB9-3DB8-4BDF-BDA1-2D66EEB0DDF4}.Release|x86.Build.0 = Release|Any CPU
		{A54E7606-5236-48BB-941F-B71900087746}.Debug|x86.ActiveCfg = Debug|x86
		{A54E7606-5236-48BB-941F-B71900087746}.Debug|x86.Build.0 = Debug|x86
		{A54E7606-5236-48BB-941F-B71900087746}.Release|x86.ActiveCfg = Release|Any CPU
		{A54E7606-5236-48BB-941F-B71900087746}.Release|x86.Build.0 = Release|Any CPU
		{F46624DD-D569-4013-9986-3DF2977CDB99}.Debug|x86.ActiveCfg = Debug|x86
		{F46624DD-D569-4013-9986-3DF2977CDB99}.Debug|x86.Build.0 = Debug|x86
		{F46624DD-D569-4013-9986-3DF2977CDB99}.Release|x86.ActiveCfg = Release|Any CPU
		{F46624DD-D569-4013-9986-3DF2977CDB99}.Release|x86.Build.0 = Release|Any CPU
	EndGlobalSection
	GlobalSection(SolutionProperties) = preSolution
		HideSolutionNode = FALSE
	EndGlobalSection
	GlobalSection(ExtensibilityGlobals) = postSolution
		SolutionGuid = {2482F205-B68D-404D-B931-066226949E26}
	EndGlobalSection
EndGlobal
