
Microsoft Visual Studio Solution File, Format Version 12.00
# Visual Studio Version 16
VisualStudioVersion = 16.0.30907.101
MinimumVisualStudioVersion = 10.0.40219.1
Project("{9A19103F-16F7-4668-BE54-9A1E7A4F7556}") = "callback", "callback\callback.csproj", "{FB548191-3561-4110-9F49-C6D0873DD8A5}"
EndProject
Project("{9A19103F-16F7-4668-BE54-9A1E7A4F7556}") = "sequential", "sequential\sequential.csproj", "{C961B48B-F7F0-4E1B-8490-ABC8E8C48285}"
EndProject
Project("{9A19103F-16F7-4668-BE54-9A1E7A4F7556}") = "concurrent", "concurrent\concurrent.csproj", "{EC58ED0A-D4C6-4E2F-9C69-0FEB786A827C}"
EndProject
Global
	GlobalSection(SolutionConfigurationPlatforms) = preSolution
		Debug|x86 = Debug|x86
		Release|x86 = Release|x86
	EndGlobalSection
	GlobalSection(ProjectConfigurationPlatforms) = postSolution
		{FB548191-3561-4110-9F49-C6D0873DD8A5}.Debug|x86.ActiveCfg = Debug|Any CPU
		{FB548191-3561-4110-9F49-C6D0873DD8A5}.Debug|x86.Build.0 = Debug|Any CPU
		{FB548191-3561-4110-9F49-C6D0873DD8A5}.Release|x86.ActiveCfg = Release|x86
		{FB548191-3561-4110-9F49-C6D0873DD8A5}.Release|x86.Build.0 = Release|x86
		{C961B48B-F7F0-4E1B-8490-ABC8E8C48285}.Debug|x86.ActiveCfg = Debug|Any CPU
		{C961B48B-F7F0-4E1B-8490-ABC8E8C48285}.Debug|x86.Build.0 = Debug|Any CPU
		{C961B48B-F7F0-4E1B-8490-ABC8E8C48285}.Release|x86.ActiveCfg = Release|x86
		{C961B48B-F7F0-4E1B-8490-ABC8E8C48285}.Release|x86.Build.0 = Release|x86
		{EC58ED0A-D4C6-4E2F-9C69-0FEB786A827C}.Debug|x86.ActiveCfg = Debug|Any CPU
		{EC58ED0A-D4C6-4E2F-9C69-0FEB786A827C}.Debug|x86.Build.0 = Debug|Any CPU
		{EC58ED0A-D4C6-4E2F-9C69-0FEB786A827C}.Release|x86.ActiveCfg = Release|x86
		{EC58ED0A-D4C6-4E2F-9C69-0FEB786A827C}.Release|x86.Build.0 = Release|x86
	EndGlobalSection
	GlobalSection(SolutionProperties) = preSolution
		HideSolutionNode = FALSE
	EndGlobalSection
	GlobalSection(ExtensibilityGlobals) = postSolution
		SolutionGuid = {3BDA5BB3-98A4-41CD-8DD0-81C7C36BFCF9}
	EndGlobalSection
EndGlobal
