
Microsoft Visual Studio Solution File, Format Version 12.00
# Visual Studio Version 16
VisualStudioVersion = 16.0.32602.291
MinimumVisualStudioVersion = 10.0.40219.1
Project("{FAE04EC0-301F-11D3-BF4B-00C04F79EFBC}") = "async.await", "async.await\async.await.csproj", "{015816F4-E5C5-4D04-B08C-18AACA8AFBA9}"
EndProject
Global
	GlobalSection(SolutionConfigurationPlatforms) = preSolution
		Debug|Any CPU = Debug|Any CPU
		Release|Any CPU = Release|Any CPU
	EndGlobalSection
	GlobalSection(ProjectConfigurationPlatforms) = postSolution
		{015816F4-E5C5-4D04-B08C-18AACA8AFBA9}.Debug|Any CPU.ActiveCfg = Debug|Any CPU
		{015816F4-E5C5-4D04-B08C-18AACA8AFBA9}.Debug|Any CPU.Build.0 = Debug|Any CPU
		{015816F4-E5C5-4D04-B08C-18AACA8AFBA9}.Release|Any CPU.ActiveCfg = Release|Any CPU
		{015816F4-E5C5-4D04-B08C-18AACA8AFBA9}.Release|Any CPU.Build.0 = Release|Any CPU
	EndGlobalSection
	GlobalSection(SolutionProperties) = preSolution
		HideSolutionNode = FALSE
	EndGlobalSection
	GlobalSection(ExtensibilityGlobals) = postSolution
		SolutionGuid = {50C5CA8C-4538-4EFA-BC3B-DF5DC3B37B6B}
	EndGlobalSection
EndGlobal
